
Microsoft Visual Studio Solution File, Format Version 12.00
# Visual Studio Version 16
VisualStudioVersion = 16.0.30907.101
MinimumVisualStudioVersion = 10.0.40219.1
Project("{FAE04EC0-301F-11D3-BF4B-00C04F79EFBC}") = "LINQ_Samples", "LINQ\LINQ_Samples.csproj", "{C6C5B062-932B-4614-9A33-D4025BE5C05C}"
EndProject
Global
	GlobalSection(SolutionConfigurationPlatforms) = preSolution
		Debug|Any CPU = Debug|Any CPU
		Release|Any CPU = Release|Any CPU
	EndGlobalSection
	GlobalSection(ProjectConfigurationPlatforms) = postSolution
		{C6C5B062-932B-4614-9A33-D4025BE5C05C}.Debug|Any CPU.ActiveCfg = Debug|Any CPU
		{C6C5B062-932B-4614-9A33-D4025BE5C05C}.Debug|Any CPU.Build.0 = Debug|Any CPU
		{C6C5B062-932B-4614-9A33-D4025BE5C05C}.Release|Any CPU.ActiveCfg = Release|Any CPU
		{C6C5B062-932B-4614-9A33-D4025BE5C05C}.Release|Any CPU.Build.0 = Release|Any CPU
	EndGlobalSection
	GlobalSection(SolutionProperties) = preSolution
		HideSolutionNode = FALSE
	EndGlobalSection
	GlobalSection(ExtensibilityGlobals) = postSolution
		SolutionGuid = {B06109B6-92D7-463E-A3DF-ECBCE723C29C}
	EndGlobalSection
EndGlobal
