
Microsoft Visual Studio Solution File, Format Version 12.00
# Visual Studio Version 17
VisualStudioVersion = 17.1.32421.90
MinimumVisualStudioVersion = 10.0.40219.1
Project("{FAE04EC0-301F-11D3-BF4B-00C04F79EFBC}") = "1.BoxingType", "ClrMemoryManagement\1.BoxingType.csproj", "{DB666527-A430-4492-941A-E9FCBD246C8A}"
EndProject
Project("{FAE04EC0-301F-11D3-BF4B-00C04F79EFBC}") = "4.Finalization", "Finalization\4.Finalization.csproj", "{154B15FF-8BEC-41AE-A612-A341CFBC5E69}"
EndProject
Project("{FAE04EC0-301F-11D3-BF4B-00C04F79EFBC}") = "6.GcNotifications", "GcNotifications\6.GcNotifications.csproj", "{F3DB12D8-FE28-4E86-939A-119E675F1D4B}"
EndProject
Project("{FAE04EC0-301F-11D3-BF4B-00C04F79EFBC}") = "3.StringBuilderExample", "StringBuilder\3.StringBuilderExample.csproj", "{827942F9-1273-4A12-847F-119498ECAFB9}"
EndProject
Project("{FAE04EC0-301F-11D3-BF4B-00C04F79EFBC}") = "2.Generations", "Generations\2.Generations.csproj", "{BF7578E6-BA2A-4BD8-B0F7-BB481076D611}"
EndProject
Project("{FAE04EC0-301F-11D3-BF4B-00C04F79EFBC}") = "5.FinalizationTimer", "FinalizationTimer\5.FinalizationTimer.csproj", "{DB535F69-C754-466D-8494-58A23343CFC0}"
EndProject
Global
	GlobalSection(SolutionConfigurationPlatforms) = preSolution
		Debug|Any CPU = Debug|Any CPU
		Release|Any CPU = Release|Any CPU
	EndGlobalSection
	GlobalSection(ProjectConfigurationPlatforms) = postSolution
		{DB666527-A430-4492-941A-E9FCBD246C8A}.Debug|Any CPU.ActiveCfg = Debug|Any CPU
		{DB666527-A430-4492-941A-E9FCBD246C8A}.Debug|Any CPU.Build.0 = Debug|Any CPU
		{DB666527-A430-4492-941A-E9FCBD246C8A}.Release|Any CPU.ActiveCfg = Release|Any CPU
		{DB666527-A430-4492-941A-E9FCBD246C8A}.Release|Any CPU.Build.0 = Release|Any CPU
		{154B15FF-8BEC-41AE-A612-A341CFBC5E69}.Debug|Any CPU.ActiveCfg = Debug|Any CPU
		{154B15FF-8BEC-41AE-A612-A341CFBC5E69}.Debug|Any CPU.Build.0 = Debug|Any CPU
		{154B15FF-8BEC-41AE-A612-A341CFBC5E69}.Release|Any CPU.ActiveCfg = Release|Any CPU
		{154B15FF-8BEC-41AE-A612-A341CFBC5E69}.Release|Any CPU.Build.0 = Release|Any CPU
		{F3DB12D8-FE28-4E86-939A-119E675F1D4B}.Debug|Any CPU.ActiveCfg = Debug|Any CPU
		{F3DB12D8-FE28-4E86-939A-119E675F1D4B}.Debug|Any CPU.Build.0 = Debug|Any CPU
		{F3DB12D8-FE28-4E86-939A-119E675F1D4B}.Release|Any CPU.ActiveCfg = Release|Any CPU
		{F3DB12D8-FE28-4E86-939A-119E675F1D4B}.Release|Any CPU.Build.0 = Release|Any CPU
		{827942F9-1273-4A12-847F-119498ECAFB9}.Debug|Any CPU.ActiveCfg = Debug|Any CPU
		{827942F9-1273-4A12-847F-119498ECAFB9}.Debug|Any CPU.Build.0 = Debug|Any CPU
		{827942F9-1273-4A12-847F-119498ECAFB9}.Release|Any CPU.ActiveCfg = Release|Any CPU
		{827942F9-1273-4A12-847F-119498ECAFB9}.Release|Any CPU.Build.0 = Release|Any CPU
		{BF7578E6-BA2A-4BD8-B0F7-BB481076D611}.Debug|Any CPU.ActiveCfg = Debug|Any CPU
		{BF7578E6-BA2A-4BD8-B0F7-BB481076D611}.Debug|Any CPU.Build.0 = Debug|Any CPU
		{BF7578E6-BA2A-4BD8-B0F7-BB481076D611}.Release|Any CPU.ActiveCfg = Release|Any CPU
		{BF7578E6-BA2A-4BD8-B0F7-BB481076D611}.Release|Any CPU.Build.0 = Release|Any CPU
		{DB535F69-C754-466D-8494-58A23343CFC0}.Debug|Any CPU.ActiveCfg = Debug|Any CPU
		{DB535F69-C754-466D-8494-58A23343CFC0}.Debug|Any CPU.Build.0 = Debug|Any CPU
		{DB535F69-C754-466D-8494-58A23343CFC0}.Release|Any CPU.ActiveCfg = Release|Any CPU
		{DB535F69-C754-466D-8494-58A23343CFC0}.Release|Any CPU.Build.0 = Release|Any CPU
	EndGlobalSection
	GlobalSection(SolutionProperties) = preSolution
		HideSolutionNode = FALSE
	EndGlobalSection
	GlobalSection(ExtensibilityGlobals) = postSolution
		        SolutionGuid = {5174F168-7A74-43CE-AFA9-4FC2B0D25497}
		SolutionGuid = {6181BEF9-F209-414F-93C6-DC5FDFF9ADA6}
	EndGlobalSection
EndGlobal
