
Microsoft Visual Studio Solution File, Format Version 12.00
# Visual Studio Version 16
VisualStudioVersion = 16.0.30517.126
MinimumVisualStudioVersion = 10.0.40219.1
Project("{2150E333-8FDC-42A3-9474-1A3956D46DE8}") = "Tests", "Tests", "{271F680D-CC94-4F09-A60F-6797BD6B19B2}"
EndProject
Project("{2150E333-8FDC-42A3-9474-1A3956D46DE8}") = "WebService", "WebService", "{C7827A03-4A6E-41D8-9ADA-0F774A1D5C2F}"
EndProject
Project("{2150E333-8FDC-42A3-9474-1A3956D46DE8}") = "DAL", "DAL", "{44182622-94B5-4021-801A-C957D4B3E6DB}"
EndProject
Project("{2150E333-8FDC-42A3-9474-1A3956D46DE8}") = "UI", "UI", "{BF921FA2-5470-4676-BCD2-421C25E9F5BA}"
EndProject
Project("{2150E333-8FDC-42A3-9474-1A3956D46DE8}") = "TestData", "TestData", "{9227B563-4FDC-43F1-84CE-F6DB42C11004}"
	ProjectSection(SolutionItems) = preProject
		TestData\1_1.jpg = TestData\1_1.jpg
		TestData\1_2.jpg = TestData\1_2.jpg
		TestData\2_1.jpg = TestData\2_1.jpg
		TestData\2_2.jpg = TestData\2_2.jpg
		TestData\2_3.jpg = TestData\2_3.jpg
		TestData\3_1.jpg = TestData\3_1.jpg
		TestData\3_2.jpg = TestData\3_2.jpg
		TestData\3_3.jpg = TestData\3_3.jpg
	EndProjectSection
EndProject
Project("{FAE04EC0-301F-11D3-BF4B-00C04F79EFBC}") = "ConsoleHosting", "WebService\ConsoleHosting\ConsoleHosting.csproj", "{23D8822F-0CB2-49F7-AF03-D98358B32B8F}"
EndProject
Project("{FAE04EC0-301F-11D3-BF4B-00C04F79EFBC}") = "ProductsService", "WebService\ProductsService\ProductsService.csproj", "{1125BEA6-8655-4A96-827B-92AE52C4440C}"
EndProject
Project("{FAE04EC0-301F-11D3-BF4B-00C04F79EFBC}") = "ClientApp", "UI\ClientApp\ClientApp.csproj", "{BEED4B1D-F478-441A-91E0-F718A657C5F5}"
EndProject
Project("{FAE04EC0-301F-11D3-BF4B-00C04F79EFBC}") = "DataStorage", "DAL\DataStorage\DataStorage.csproj", "{78D3334A-E1DE-4C1E-AEC1-1AF3F07DD63D}"
EndProject
Project("{9A19103F-16F7-4668-BE54-9A1E7A4F7556}") = "DTO", "DAL\DTOs\DTO.csproj", "{91E2022A-0BA5-4AE7-906B-8FB6692F6885}"
EndProject
Project("{FAE04EC0-301F-11D3-BF4B-00C04F79EFBC}") = "DataStorage.Test", "Tests\DataStorage.Test\DataStorage.Test.csproj", "{6A028C0C-E1F4-4E05-A0C0-078E0522FCCB}"
EndProject
Project("{FAE04EC0-301F-11D3-BF4B-00C04F79EFBC}") = "ProductService.Test", "Tests\ProductService.Test\ProductService.Test.csproj", "{34A7B595-1E07-46D0-A775-CCF328A0DC27}"
EndProject
Project("{FAE04EC0-301F-11D3-BF4B-00C04F79EFBC}") = "SqlHelper", "SqlResources\SqlHelper.csproj", "{12F65935-E15B-465E-A50F-AC4765BAD16A}"
EndProject
Global
	GlobalSection(SolutionConfigurationPlatforms) = preSolution
		Debug|Any CPU = Debug|Any CPU
		Debug|x86 = Debug|x86
		Release|Any CPU = Release|Any CPU
		Release|x86 = Release|x86
	EndGlobalSection
	GlobalSection(ProjectConfigurationPlatforms) = postSolution
		{23D8822F-0CB2-49F7-AF03-D98358B32B8F}.Debug|Any CPU.ActiveCfg = Debug|Any CPU
		{23D8822F-0CB2-49F7-AF03-D98358B32B8F}.Debug|Any CPU.Build.0 = Debug|Any CPU
		{23D8822F-0CB2-49F7-AF03-D98358B32B8F}.Debug|x86.ActiveCfg = Debug|x86
		{23D8822F-0CB2-49F7-AF03-D98358B32B8F}.Debug|x86.Build.0 = Debug|x86
		{23D8822F-0CB2-49F7-AF03-D98358B32B8F}.Release|Any CPU.ActiveCfg = Release|Any CPU
		{23D8822F-0CB2-49F7-AF03-D98358B32B8F}.Release|Any CPU.Build.0 = Release|Any CPU
		{23D8822F-0CB2-49F7-AF03-D98358B32B8F}.Release|x86.ActiveCfg = Release|x86
		{23D8822F-0CB2-49F7-AF03-D98358B32B8F}.Release|x86.Build.0 = Release|x86
		{1125BEA6-8655-4A96-827B-92AE52C4440C}.Debug|Any CPU.ActiveCfg = Debug|Any CPU
		{1125BEA6-8655-4A96-827B-92AE52C4440C}.Debug|Any CPU.Build.0 = Debug|Any CPU
		{1125BEA6-8655-4A96-827B-92AE52C4440C}.Debug|x86.ActiveCfg = Debug|x86
		{1125BEA6-8655-4A96-827B-92AE52C4440C}.Debug|x86.Build.0 = Debug|x86
		{1125BEA6-8655-4A96-827B-92AE52C4440C}.Release|Any CPU.ActiveCfg = Release|Any CPU
		{1125BEA6-8655-4A96-827B-92AE52C4440C}.Release|Any CPU.Build.0 = Release|Any CPU
		{1125BEA6-8655-4A96-827B-92AE52C4440C}.Release|x86.ActiveCfg = Release|x86
		{1125BEA6-8655-4A96-827B-92AE52C4440C}.Release|x86.Build.0 = Release|x86
		{BEED4B1D-F478-441A-91E0-F718A657C5F5}.Debug|Any CPU.ActiveCfg = Debug|Any CPU
		{BEED4B1D-F478-441A-91E0-F718A657C5F5}.Debug|Any CPU.Build.0 = Debug|Any CPU
		{BEED4B1D-F478-441A-91E0-F718A657C5F5}.Debug|x86.ActiveCfg = Debug|x86
		{BEED4B1D-F478-441A-91E0-F718A657C5F5}.Debug|x86.Build.0 = Debug|x86
		{BEED4B1D-F478-441A-91E0-F718A657C5F5}.Release|Any CPU.ActiveCfg = Release|Any CPU
		{BEED4B1D-F478-441A-91E0-F718A657C5F5}.Release|Any CPU.Build.0 = Release|Any CPU
		{BEED4B1D-F478-441A-91E0-F718A657C5F5}.Release|x86.ActiveCfg = Release|x86
		{BEED4B1D-F478-441A-91E0-F718A657C5F5}.Release|x86.Build.0 = Release|x86
		{78D3334A-E1DE-4C1E-AEC1-1AF3F07DD63D}.Debug|Any CPU.ActiveCfg = Debug|Any CPU
		{78D3334A-E1DE-4C1E-AEC1-1AF3F07DD63D}.Debug|Any CPU.Build.0 = Debug|Any CPU
		{78D3334A-E1DE-4C1E-AEC1-1AF3F07DD63D}.Debug|x86.ActiveCfg = Debug|x86
		{78D3334A-E1DE-4C1E-AEC1-1AF3F07DD63D}.Debug|x86.Build.0 = Debug|x86
		{78D3334A-E1DE-4C1E-AEC1-1AF3F07DD63D}.Release|Any CPU.ActiveCfg = Release|Any CPU
		{78D3334A-E1DE-4C1E-AEC1-1AF3F07DD63D}.Release|Any CPU.Build.0 = Release|Any CPU
		{78D3334A-E1DE-4C1E-AEC1-1AF3F07DD63D}.Release|x86.ActiveCfg = Release|x86
		{78D3334A-E1DE-4C1E-AEC1-1AF3F07DD63D}.Release|x86.Build.0 = Release|x86
		{91E2022A-0BA5-4AE7-906B-8FB6692F6885}.Debug|Any CPU.ActiveCfg = Debug|Any CPU
		{91E2022A-0BA5-4AE7-906B-8FB6692F6885}.Debug|Any CPU.Build.0 = Debug|Any CPU
		{91E2022A-0BA5-4AE7-906B-8FB6692F6885}.Debug|x86.ActiveCfg = Debug|x86
		{91E2022A-0BA5-4AE7-906B-8FB6692F6885}.Debug|x86.Build.0 = Debug|x86
		{91E2022A-0BA5-4AE7-906B-8FB6692F6885}.Release|Any CPU.ActiveCfg = Release|Any CPU
		{91E2022A-0BA5-4AE7-906B-8FB6692F6885}.Release|Any CPU.Build.0 = Release|Any CPU
		{91E2022A-0BA5-4AE7-906B-8FB6692F6885}.Release|x86.ActiveCfg = Release|x86
		{91E2022A-0BA5-4AE7-906B-8FB6692F6885}.Release|x86.Build.0 = Release|x86
		{6A028C0C-E1F4-4E05-A0C0-078E0522FCCB}.Debug|Any CPU.ActiveCfg = Debug|Any CPU
		{6A028C0C-E1F4-4E05-A0C0-078E0522FCCB}.Debug|Any CPU.Build.0 = Debug|Any CPU
		{6A028C0C-E1F4-4E05-A0C0-078E0522FCCB}.Debug|x86.ActiveCfg = Debug|x86
		{6A028C0C-E1F4-4E05-A0C0-078E0522FCCB}.Debug|x86.Build.0 = Debug|x86
		{6A028C0C-E1F4-4E05-A0C0-078E0522FCCB}.Release|Any CPU.ActiveCfg = Release|Any CPU
		{6A028C0C-E1F4-4E05-A0C0-078E0522FCCB}.Release|Any CPU.Build.0 = Release|Any CPU
		{6A028C0C-E1F4-4E05-A0C0-078E0522FCCB}.Release|x86.ActiveCfg = Release|x86
		{6A028C0C-E1F4-4E05-A0C0-078E0522FCCB}.Release|x86.Build.0 = Release|x86
		{34A7B595-1E07-46D0-A775-CCF328A0DC27}.Debug|Any CPU.ActiveCfg = Debug|Any CPU
		{34A7B595-1E07-46D0-A775-CCF328A0DC27}.Debug|Any CPU.Build.0 = Debug|Any CPU
		{34A7B595-1E07-46D0-A775-CCF328A0DC27}.Debug|x86.ActiveCfg = Debug|x86
		{34A7B595-1E07-46D0-A775-CCF328A0DC27}.Debug|x86.Build.0 = Debug|x86
		{34A7B595-1E07-46D0-A775-CCF328A0DC27}.Release|Any CPU.ActiveCfg = Release|Any CPU
		{34A7B595-1E07-46D0-A775-CCF328A0DC27}.Release|Any CPU.Build.0 = Release|Any CPU
		{34A7B595-1E07-46D0-A775-CCF328A0DC27}.Release|x86.ActiveCfg = Release|x86
		{34A7B595-1E07-46D0-A775-CCF328A0DC27}.Release|x86.Build.0 = Release|x86
		{12F65935-E15B-465E-A50F-AC4765BAD16A}.Debug|Any CPU.ActiveCfg = Debug|Any CPU
		{12F65935-E15B-465E-A50F-AC4765BAD16A}.Debug|Any CPU.Build.0 = Debug|Any CPU
		{12F65935-E15B-465E-A50F-AC4765BAD16A}.Debug|x86.ActiveCfg = Debug|Any CPU
		{12F65935-E15B-465E-A50F-AC4765BAD16A}.Debug|x86.Build.0 = Debug|Any CPU
		{12F65935-E15B-465E-A50F-AC4765BAD16A}.Release|Any CPU.ActiveCfg = Release|Any CPU
		{12F65935-E15B-465E-A50F-AC4765BAD16A}.Release|Any CPU.Build.0 = Release|Any CPU
		{12F65935-E15B-465E-A50F-AC4765BAD16A}.Release|x86.ActiveCfg = Release|Any CPU
		{12F65935-E15B-465E-A50F-AC4765BAD16A}.Release|x86.Build.0 = Release|Any CPU
	EndGlobalSection
	GlobalSection(SolutionProperties) = preSolution
		HideSolutionNode = FALSE
	EndGlobalSection
	GlobalSection(NestedProjects) = preSolution
		{9227B563-4FDC-43F1-84CE-F6DB42C11004} = {271F680D-CC94-4F09-A60F-6797BD6B19B2}
		{23D8822F-0CB2-49F7-AF03-D98358B32B8F} = {C7827A03-4A6E-41D8-9ADA-0F774A1D5C2F}
		{1125BEA6-8655-4A96-827B-92AE52C4440C} = {C7827A03-4A6E-41D8-9ADA-0F774A1D5C2F}
		{BEED4B1D-F478-441A-91E0-F718A657C5F5} = {BF921FA2-5470-4676-BCD2-421C25E9F5BA}
		{78D3334A-E1DE-4C1E-AEC1-1AF3F07DD63D} = {44182622-94B5-4021-801A-C957D4B3E6DB}
		{91E2022A-0BA5-4AE7-906B-8FB6692F6885} = {44182622-94B5-4021-801A-C957D4B3E6DB}
		{6A028C0C-E1F4-4E05-A0C0-078E0522FCCB} = {271F680D-CC94-4F09-A60F-6797BD6B19B2}
		{34A7B595-1E07-46D0-A775-CCF328A0DC27} = {271F680D-CC94-4F09-A60F-6797BD6B19B2}
		{12F65935-E15B-465E-A50F-AC4765BAD16A} = {44182622-94B5-4021-801A-C957D4B3E6DB}
	EndGlobalSection
	GlobalSection(ExtensibilityGlobals) = postSolution
		SolutionGuid = {35A375C4-9334-469E-B5DB-4CE184337F99}
	EndGlobalSection
EndGlobal
